
Microsoft Visual Studio Solution File, Format Version 12.00
# Visual Studio Version 16
VisualStudioVersion = 16.0.31205.134
MinimumVisualStudioVersion = 10.0.40219.1
Project("{FAE04EC0-301F-11D3-BF4B-00C04F79EFBC}") = "Interface", "Interface\Interface.csproj", "{F7DB49E3-7532-4706-A08B-FCFD5CA8C47D}"
EndProject
Project("{FAE04EC0-301F-11D3-BF4B-00C04F79EFBC}") = "Collection", "Collection\Collection.csproj", "{FAB300CD-C87B-451F-92F8-4EDA7F29E96E}"
EndProject
Project("{FAE04EC0-301F-11D3-BF4B-00C04F79EFBC}") = "Exercise_3", "Exercise_3\Exercise_3.csproj", "{2485DDA0-3606-40BA-8527-460B584F2320}"
EndProject
Global
	GlobalSection(SolutionConfigurationPlatforms) = preSolution
		Debug|Any CPU = Debug|Any CPU
		Release|Any CPU = Release|Any CPU
	EndGlobalSection
	GlobalSection(ProjectConfigurationPlatforms) = postSolution
		{F7DB49E3-7532-4706-A08B-FCFD5CA8C47D}.Debug|Any CPU.ActiveCfg = Debug|Any CPU
		{F7DB49E3-7532-4706-A08B-FCFD5CA8C47D}.Debug|Any CPU.Build.0 = Debug|Any CPU
		{F7DB49E3-7532-4706-A08B-FCFD5CA8C47D}.Release|Any CPU.ActiveCfg = Release|Any CPU
		{F7DB49E3-7532-4706-A08B-FCFD5CA8C47D}.Release|Any CPU.Build.0 = Release|Any CPU
		{FAB300CD-C87B-451F-92F8-4EDA7F29E96E}.Debug|Any CPU.ActiveCfg = Debug|Any CPU
		{FAB300CD-C87B-451F-92F8-4EDA7F29E96E}.Debug|Any CPU.Build.0 = Debug|Any CPU
		{FAB300CD-C87B-451F-92F8-4EDA7F29E96E}.Release|Any CPU.ActiveCfg = Release|Any CPU
		{FAB300CD-C87B-451F-92F8-4EDA7F29E96E}.Release|Any CPU.Build.0 = Release|Any CPU
		{2485DDA0-3606-40BA-8527-460B584F2320}.Debug|Any CPU.ActiveCfg = Debug|Any CPU
		{2485DDA0-3606-40BA-8527-460B584F2320}.Debug|Any CPU.Build.0 = Debug|Any CPU
		{2485DDA0-3606-40BA-8527-460B584F2320}.Release|Any CPU.ActiveCfg = Release|Any CPU
		{2485DDA0-3606-40BA-8527-460B584F2320}.Release|Any CPU.Build.0 = Release|Any CPU
	EndGlobalSection
	GlobalSection(SolutionProperties) = preSolution
		HideSolutionNode = FALSE
	EndGlobalSection
	GlobalSection(ExtensibilityGlobals) = postSolution
		SolutionGuid = {211336D1-8A16-4D41-85D6-0CBECBF74156}
	EndGlobalSection
EndGlobal
