
Microsoft Visual Studio Solution File, Format Version 12.00
# Visual Studio Version 16
VisualStudioVersion = 16.0.31205.134
MinimumVisualStudioVersion = 10.0.40219.1
Project("{FAE04EC0-301F-11D3-BF4B-00C04F79EFBC}") = "Ex_1", "Ex_1\Ex_1.csproj", "{4CBC65D9-0517-453C-BBE8-259887B19131}"
EndProject
Project("{FAE04EC0-301F-11D3-BF4B-00C04F79EFBC}") = "Ex_2", "Ex_2\Ex_2.csproj", "{C345ACE3-98DF-4252-B471-8A65414BD47D}"
EndProject
Project("{FAE04EC0-301F-11D3-BF4B-00C04F79EFBC}") = "Ex_3", "Ex_3\Ex_3.csproj", "{9E05DB30-0369-47EF-9756-5E09D44172BD}"
EndProject
Project("{FAE04EC0-301F-11D3-BF4B-00C04F79EFBC}") = "Ex_4", "Ex_4\Ex_4.csproj", "{C8068047-9EAB-4CD5-BD3A-259262B2488C}"
EndProject
Project("{FAE04EC0-301F-11D3-BF4B-00C04F79EFBC}") = "Ex_5", "Ex_5\Ex_5.csproj", "{B9249E02-0FEA-4159-B3D1-5CA58C28C6DA}"
EndProject
Project("{FAE04EC0-301F-11D3-BF4B-00C04F79EFBC}") = "Ex_6", "Ex_6\Ex_6.csproj", "{A14FC806-7D0F-43C6-BA1D-BF743D47A324}"
EndProject
Project("{FAE04EC0-301F-11D3-BF4B-00C04F79EFBC}") = "Ex_7", "Ex_7\Ex_7.csproj", "{D34B982C-D0A7-4CEB-ACA9-0D86C5EF449D}"
EndProject
Project("{FAE04EC0-301F-11D3-BF4B-00C04F79EFBC}") = "Ex_8", "Ex_8\Ex_8.csproj", "{7CAC1BF5-7863-4434-AE18-1419A01BBF22}"
EndProject
Project("{FAE04EC0-301F-11D3-BF4B-00C04F79EFBC}") = "Ex_9", "Ex_9\Ex_9.csproj", "{FD68C755-A37D-4ECC-8116-FA8E14EB455C}"
EndProject
Project("{FAE04EC0-301F-11D3-BF4B-00C04F79EFBC}") = "Ex_10", "Ex_10\Ex_10.csproj", "{0F93357B-CB88-464E-9F3B-8347947BFFB7}"
EndProject
Project("{FAE04EC0-301F-11D3-BF4B-00C04F79EFBC}") = "Ex_12", "Ex_12\Ex_12.csproj", "{14EF0A3E-406F-4736-9DD8-0F4DD308C69E}"
EndProject
Project("{FAE04EC0-301F-11D3-BF4B-00C04F79EFBC}") = "Ex_13", "Ex_13\Ex_13.csproj", "{0039FE70-48B0-4805-9AD8-B0DF8440A3FC}"
EndProject
Project("{FAE04EC0-301F-11D3-BF4B-00C04F79EFBC}") = "Ex_11", "Ex_11\Ex_11.csproj", "{503ED0A0-D5C1-48A6-B92B-D04FD9466CC1}"
EndProject
Project("{FAE04EC0-301F-11D3-BF4B-00C04F79EFBC}") = "Ex_14", "Ex_14\Ex_14.csproj", "{F0D73EFE-4012-4EE0-8C29-5EF0C0635EF9}"
EndProject
Project("{FAE04EC0-301F-11D3-BF4B-00C04F79EFBC}") = "Ex_15", "Ex_15\Ex_15.csproj", "{627C0C1A-E75D-4DD5-8CE1-32F719C99F7E}"
EndProject
Project("{FAE04EC0-301F-11D3-BF4B-00C04F79EFBC}") = "Ex_11_2", "Ex_11_2\Ex_11_2.csproj", "{3028CA55-6030-40FC-AF8F-FE6CA41B62C1}"
EndProject
Global
	GlobalSection(SolutionConfigurationPlatforms) = preSolution
		Debug|Any CPU = Debug|Any CPU
		Release|Any CPU = Release|Any CPU
	EndGlobalSection
	GlobalSection(ProjectConfigurationPlatforms) = postSolution
		{4CBC65D9-0517-453C-BBE8-259887B19131}.Debug|Any CPU.ActiveCfg = Debug|Any CPU
		{4CBC65D9-0517-453C-BBE8-259887B19131}.Debug|Any CPU.Build.0 = Debug|Any CPU
		{4CBC65D9-0517-453C-BBE8-259887B19131}.Release|Any CPU.ActiveCfg = Release|Any CPU
		{4CBC65D9-0517-453C-BBE8-259887B19131}.Release|Any CPU.Build.0 = Release|Any CPU
		{C345ACE3-98DF-4252-B471-8A65414BD47D}.Debug|Any CPU.ActiveCfg = Debug|Any CPU
		{C345ACE3-98DF-4252-B471-8A65414BD47D}.Debug|Any CPU.Build.0 = Debug|Any CPU
		{C345ACE3-98DF-4252-B471-8A65414BD47D}.Release|Any CPU.ActiveCfg = Release|Any CPU
		{C345ACE3-98DF-4252-B471-8A65414BD47D}.Release|Any CPU.Build.0 = Release|Any CPU
		{9E05DB30-0369-47EF-9756-5E09D44172BD}.Debug|Any CPU.ActiveCfg = Debug|Any CPU
		{9E05DB30-0369-47EF-9756-5E09D44172BD}.Debug|Any CPU.Build.0 = Debug|Any CPU
		{9E05DB30-0369-47EF-9756-5E09D44172BD}.Release|Any CPU.ActiveCfg = Release|Any CPU
		{9E05DB30-0369-47EF-9756-5E09D44172BD}.Release|Any CPU.Build.0 = Release|Any CPU
		{C8068047-9EAB-4CD5-BD3A-259262B2488C}.Debug|Any CPU.ActiveCfg = Debug|Any CPU
		{C8068047-9EAB-4CD5-BD3A-259262B2488C}.Debug|Any CPU.Build.0 = Debug|Any CPU
		{C8068047-9EAB-4CD5-BD3A-259262B2488C}.Release|Any CPU.ActiveCfg = Release|Any CPU
		{C8068047-9EAB-4CD5-BD3A-259262B2488C}.Release|Any CPU.Build.0 = Release|Any CPU
		{B9249E02-0FEA-4159-B3D1-5CA58C28C6DA}.Debug|Any CPU.ActiveCfg = Debug|Any CPU
		{B9249E02-0FEA-4159-B3D1-5CA58C28C6DA}.Debug|Any CPU.Build.0 = Debug|Any CPU
		{B9249E02-0FEA-4159-B3D1-5CA58C28C6DA}.Release|Any CPU.ActiveCfg = Release|Any CPU
		{B9249E02-0FEA-4159-B3D1-5CA58C28C6DA}.Release|Any CPU.Build.0 = Release|Any CPU
		{A14FC806-7D0F-43C6-BA1D-BF743D47A324}.Debug|Any CPU.ActiveCfg = Debug|Any CPU
		{A14FC806-7D0F-43C6-BA1D-BF743D47A324}.Debug|Any CPU.Build.0 = Debug|Any CPU
		{A14FC806-7D0F-43C6-BA1D-BF743D47A324}.Release|Any CPU.ActiveCfg = Release|Any CPU
		{A14FC806-7D0F-43C6-BA1D-BF743D47A324}.Release|Any CPU.Build.0 = Release|Any CPU
		{D34B982C-D0A7-4CEB-ACA9-0D86C5EF449D}.Debug|Any CPU.ActiveCfg = Debug|Any CPU
		{D34B982C-D0A7-4CEB-ACA9-0D86C5EF449D}.Debug|Any CPU.Build.0 = Debug|Any CPU
		{D34B982C-D0A7-4CEB-ACA9-0D86C5EF449D}.Release|Any CPU.ActiveCfg = Release|Any CPU
		{D34B982C-D0A7-4CEB-ACA9-0D86C5EF449D}.Release|Any CPU.Build.0 = Release|Any CPU
		{7CAC1BF5-7863-4434-AE18-1419A01BBF22}.Debug|Any CPU.ActiveCfg = Debug|Any CPU
		{7CAC1BF5-7863-4434-AE18-1419A01BBF22}.Debug|Any CPU.Build.0 = Debug|Any CPU
		{7CAC1BF5-7863-4434-AE18-1419A01BBF22}.Release|Any CPU.ActiveCfg = Release|Any CPU
		{7CAC1BF5-7863-4434-AE18-1419A01BBF22}.Release|Any CPU.Build.0 = Release|Any CPU
		{FD68C755-A37D-4ECC-8116-FA8E14EB455C}.Debug|Any CPU.ActiveCfg = Debug|Any CPU
		{FD68C755-A37D-4ECC-8116-FA8E14EB455C}.Debug|Any CPU.Build.0 = Debug|Any CPU
		{FD68C755-A37D-4ECC-8116-FA8E14EB455C}.Release|Any CPU.ActiveCfg = Release|Any CPU
		{FD68C755-A37D-4ECC-8116-FA8E14EB455C}.Release|Any CPU.Build.0 = Release|Any CPU
		{0F93357B-CB88-464E-9F3B-8347947BFFB7}.Debug|Any CPU.ActiveCfg = Debug|Any CPU
		{0F93357B-CB88-464E-9F3B-8347947BFFB7}.Debug|Any CPU.Build.0 = Debug|Any CPU
		{0F93357B-CB88-464E-9F3B-8347947BFFB7}.Release|Any CPU.ActiveCfg = Release|Any CPU
		{0F93357B-CB88-464E-9F3B-8347947BFFB7}.Release|Any CPU.Build.0 = Release|Any CPU
		{14EF0A3E-406F-4736-9DD8-0F4DD308C69E}.Debug|Any CPU.ActiveCfg = Debug|Any CPU
		{14EF0A3E-406F-4736-9DD8-0F4DD308C69E}.Debug|Any CPU.Build.0 = Debug|Any CPU
		{14EF0A3E-406F-4736-9DD8-0F4DD308C69E}.Release|Any CPU.ActiveCfg = Release|Any CPU
		{14EF0A3E-406F-4736-9DD8-0F4DD308C69E}.Release|Any CPU.Build.0 = Release|Any CPU
		{0039FE70-48B0-4805-9AD8-B0DF8440A3FC}.Debug|Any CPU.ActiveCfg = Debug|Any CPU
		{0039FE70-48B0-4805-9AD8-B0DF8440A3FC}.Debug|Any CPU.Build.0 = Debug|Any CPU
		{0039FE70-48B0-4805-9AD8-B0DF8440A3FC}.Release|Any CPU.ActiveCfg = Release|Any CPU
		{0039FE70-48B0-4805-9AD8-B0DF8440A3FC}.Release|Any CPU.Build.0 = Release|Any CPU
		{503ED0A0-D5C1-48A6-B92B-D04FD9466CC1}.Debug|Any CPU.ActiveCfg = Debug|Any CPU
		{503ED0A0-D5C1-48A6-B92B-D04FD9466CC1}.Debug|Any CPU.Build.0 = Debug|Any CPU
		{503ED0A0-D5C1-48A6-B92B-D04FD9466CC1}.Release|Any CPU.ActiveCfg = Release|Any CPU
		{503ED0A0-D5C1-48A6-B92B-D04FD9466CC1}.Release|Any CPU.Build.0 = Release|Any CPU
		{F0D73EFE-4012-4EE0-8C29-5EF0C0635EF9}.Debug|Any CPU.ActiveCfg = Debug|Any CPU
		{F0D73EFE-4012-4EE0-8C29-5EF0C0635EF9}.Debug|Any CPU.Build.0 = Debug|Any CPU
		{F0D73EFE-4012-4EE0-8C29-5EF0C0635EF9}.Release|Any CPU.ActiveCfg = Release|Any CPU
		{F0D73EFE-4012-4EE0-8C29-5EF0C0635EF9}.Release|Any CPU.Build.0 = Release|Any CPU
		{627C0C1A-E75D-4DD5-8CE1-32F719C99F7E}.Debug|Any CPU.ActiveCfg = Debug|Any CPU
		{627C0C1A-E75D-4DD5-8CE1-32F719C99F7E}.Debug|Any CPU.Build.0 = Debug|Any CPU
		{627C0C1A-E75D-4DD5-8CE1-32F719C99F7E}.Release|Any CPU.ActiveCfg = Release|Any CPU
		{627C0C1A-E75D-4DD5-8CE1-32F719C99F7E}.Release|Any CPU.Build.0 = Release|Any CPU
		{3028CA55-6030-40FC-AF8F-FE6CA41B62C1}.Debug|Any CPU.ActiveCfg = Debug|Any CPU
		{3028CA55-6030-40FC-AF8F-FE6CA41B62C1}.Debug|Any CPU.Build.0 = Debug|Any CPU
		{3028CA55-6030-40FC-AF8F-FE6CA41B62C1}.Release|Any CPU.ActiveCfg = Release|Any CPU
		{3028CA55-6030-40FC-AF8F-FE6CA41B62C1}.Release|Any CPU.Build.0 = Release|Any CPU
	EndGlobalSection
	GlobalSection(SolutionProperties) = preSolution
		HideSolutionNode = FALSE
	EndGlobalSection
	GlobalSection(ExtensibilityGlobals) = postSolution
		SolutionGuid = {B868AB53-4D3F-4A4C-BC9D-A0AB2B6BACB9}
	EndGlobalSection
EndGlobal
